
Microsoft Visual Studio Solution File, Format Version 12.00
# Visual Studio Version 16
VisualStudioVersion = 16.0.29613.14
MinimumVisualStudioVersion = 10.0.40219.1
Project("{9A19103F-16F7-4668-BE54-9A1E7A4F7556}") = "NGDictionary", "NGDictionary\NGDictionary.csproj", "{9ADA49DF-C604-4A63-80BD-BD1B88FAB31A}"
EndProject
Project("{9A19103F-16F7-4668-BE54-9A1E7A4F7556}") = "NGDictionary.Dto", "NGDictionary.Dto\NGDictionary.Dto.csproj", "{CACB0666-8CFB-401F-A274-95882411D7C0}"
EndProject
Project("{9A19103F-16F7-4668-BE54-9A1E7A4F7556}") = "NGDictionary.Database", "NGDictionary.Database\NGDictionary.Database.csproj", "{7ED43A74-6ECF-46D6-AF40-1CA660586E7C}"
EndProject
Project("{FAE04EC0-301F-11D3-BF4B-00C04F79EFBC}") = "NGDictionary.Services", "NGDictionary.Services\NGDictionary.Services.csproj", "{21202A3C-4767-481D-8700-1A2CA31714FD}"
EndProject
Global
	GlobalSection(SolutionConfigurationPlatforms) = preSolution
		Debug|Any CPU = Debug|Any CPU
		Release|Any CPU = Release|Any CPU
	EndGlobalSection
	GlobalSection(ProjectConfigurationPlatforms) = postSolution
		{9ADA49DF-C604-4A63-80BD-BD1B88FAB31A}.Debug|Any CPU.ActiveCfg = Debug|Any CPU
		{9ADA49DF-C604-4A63-80BD-BD1B88FAB31A}.Debug|Any CPU.Build.0 = Debug|Any CPU
		{9ADA49DF-C604-4A63-80BD-BD1B88FAB31A}.Release|Any CPU.ActiveCfg = Release|Any CPU
		{9ADA49DF-C604-4A63-80BD-BD1B88FAB31A}.Release|Any CPU.Build.0 = Release|Any CPU
		{CACB0666-8CFB-401F-A274-95882411D7C0}.Debug|Any CPU.ActiveCfg = Debug|Any CPU
		{CACB0666-8CFB-401F-A274-95882411D7C0}.Debug|Any CPU.Build.0 = Debug|Any CPU
		{CACB0666-8CFB-401F-A274-95882411D7C0}.Release|Any CPU.ActiveCfg = Release|Any CPU
		{CACB0666-8CFB-401F-A274-95882411D7C0}.Release|Any CPU.Build.0 = Release|Any CPU
		{7ED43A74-6ECF-46D6-AF40-1CA660586E7C}.Debug|Any CPU.ActiveCfg = Debug|Any CPU
		{7ED43A74-6ECF-46D6-AF40-1CA660586E7C}.Debug|Any CPU.Build.0 = Debug|Any CPU
		{7ED43A74-6ECF-46D6-AF40-1CA660586E7C}.Release|Any CPU.ActiveCfg = Release|Any CPU
		{7ED43A74-6ECF-46D6-AF40-1CA660586E7C}.Release|Any CPU.Build.0 = Release|Any CPU
		{21202A3C-4767-481D-8700-1A2CA31714FD}.Debug|Any CPU.ActiveCfg = Debug|Any CPU
		{21202A3C-4767-481D-8700-1A2CA31714FD}.Debug|Any CPU.Build.0 = Debug|Any CPU
		{21202A3C-4767-481D-8700-1A2CA31714FD}.Release|Any CPU.ActiveCfg = Release|Any CPU
		{21202A3C-4767-481D-8700-1A2CA31714FD}.Release|Any CPU.Build.0 = Release|Any CPU
	EndGlobalSection
	GlobalSection(SolutionProperties) = preSolution
		HideSolutionNode = FALSE
	EndGlobalSection
	GlobalSection(ExtensibilityGlobals) = postSolution
		SolutionGuid = {2D36494E-2C43-4CC6-8452-8FAE881F263B}
	EndGlobalSection
EndGlobal
